
Microsoft Visual Studio Solution File, Format Version 12.00
# Visual Studio Version 16
VisualStudioVersion = 16.0.31205.134
MinimumVisualStudioVersion = 10.0.40219.1
Project("{FAE04EC0-301F-11D3-BF4B-00C04F79EFBC}") = "1.  Polymorphism", "10.  Polymorphism\1.  Polymorphism.csproj", "{29D2A3BF-96C0-4F21-8A49-942916DF425F}"
EndProject
Project("{2150E333-8FDC-42A3-9474-1A3956D46DE8}") = "Solution Items", "Solution Items", "{4DE20830-FAA4-4074-B137-B33751B55EF7}"
	ProjectSection(SolutionItems) = preProject
		Theory Notes.txt = Theory Notes.txt
	EndProjectSection
EndProject
Project("{FAE04EC0-301F-11D3-BF4B-00C04F79EFBC}") = "2.  Operator Overloading", "3.  Operator Overloading\2.  Operator Overloading.csproj", "{78B4404C-7F30-4C42-BA32-9BEFBE6EF203}"
EndProject
Global
	GlobalSection(SolutionConfigurationPlatforms) = preSolution
		Debug|Any CPU = Debug|Any CPU
		Release|Any CPU = Release|Any CPU
	EndGlobalSection
	GlobalSection(ProjectConfigurationPlatforms) = postSolution
		{29D2A3BF-96C0-4F21-8A49-942916DF425F}.Debug|Any CPU.ActiveCfg = Debug|Any CPU
		{29D2A3BF-96C0-4F21-8A49-942916DF425F}.Debug|Any CPU.Build.0 = Debug|Any CPU
		{29D2A3BF-96C0-4F21-8A49-942916DF425F}.Release|Any CPU.ActiveCfg = Release|Any CPU
		{29D2A3BF-96C0-4F21-8A49-942916DF425F}.Release|Any CPU.Build.0 = Release|Any CPU
		{78B4404C-7F30-4C42-BA32-9BEFBE6EF203}.Debug|Any CPU.ActiveCfg = Debug|Any CPU
		{78B4404C-7F30-4C42-BA32-9BEFBE6EF203}.Debug|Any CPU.Build.0 = Debug|Any CPU
		{78B4404C-7F30-4C42-BA32-9BEFBE6EF203}.Release|Any CPU.ActiveCfg = Release|Any CPU
		{78B4404C-7F30-4C42-BA32-9BEFBE6EF203}.Release|Any CPU.Build.0 = Release|Any CPU
	EndGlobalSection
	GlobalSection(SolutionProperties) = preSolution
		HideSolutionNode = FALSE
	EndGlobalSection
	GlobalSection(ExtensibilityGlobals) = postSolution
		SolutionGuid = {87F6FD78-58C0-4DD5-A0DC-B58967BE9C1A}
	EndGlobalSection
EndGlobal
